// !$*UTF8*$!
{
	archiveVersion = 1;
	classes = {
	};
	objectVersion = 56;
	objects = {

/* Begin PBXBuildFile section */
		DFAD825F2C5A4A9C000685BE /* MigratoryPocApp.swift in Sources */ = {isa = PBXBuildFile; fileRef = DFAD825E2C5A4A9C000685BE /* MigratoryPocApp.swift */; };
		DFAD82612C5A4A9C000685BE /* ContentView.swift in Sources */ = {isa = PBXBuildFile; fileRef = DFAD82602C5A4A9C000685BE /* ContentView.swift */; };
		DFAD82632C5A4A9E000685BE /* Assets.xcassets in Resources */ = {isa = PBXBuildFile; fileRef = DFAD82622C5A4A9E000685BE /* Assets.xcassets */; };
		DFAD82662C5A4A9E000685BE /* Preview Assets.xcassets in Resources */ = {isa = PBXBuildFile; fileRef = DFAD82652C5A4A9E000685BE /* Preview Assets.xcassets */; };
		DFAD82702C5A4A9E000685BE /* MigratoryPocTests.swift in Sources */ = {isa = PBXBuildFile; fileRef = DFAD826F2C5A4A9E000685BE /* MigratoryPocTests.swift */; };
		DFAD827A2C5A4A9E000685BE /* MigratoryPocUITests.swift in Sources */ = {isa = PBXBuildFile; fileRef = DFAD82792C5A4A9E000685BE /* MigratoryPocUITests.swift */; };
		DFAD827C2C5A4A9E000685BE /* MigratoryPocUITestsLaunchTests.swift in Sources */ = {isa = PBXBuildFile; fileRef = DFAD827B2C5A4A9E000685BE /* MigratoryPocUITestsLaunchTests.swift */; };
		DFAD82892C5A4AC1000685BE /* migratorydata-client-ios.xcframework in Frameworks */ = {isa = PBXBuildFile; fileRef = DFAD82882C5A4AC1000685BE /* migratorydata-client-ios.xcframework */; };
		DFAD828C2C5A4B74000685BE /* PushUpdater.swift in Sources */ = {isa = PBXBuildFile; fileRef = DFAD828B2C5A4B74000685BE /* PushUpdater.swift */; };
/* End PBXBuildFile section */

/* Begin PBXContainerItemProxy section */
		DFAD826C2C5A4A9E000685BE /* PBXContainerItemProxy */ = {
			isa = PBXContainerItemProxy;
			containerPortal = DFAD82532C5A4A9C000685BE /* Project object */;
			proxyType = 1;
			remoteGlobalIDString = DFAD825A2C5A4A9C000685BE;
			remoteInfo = MigratoryPoc;
		};
		DFAD82762C5A4A9E000685BE /* PBXContainerItemProxy */ = {
			isa = PBXContainerItemProxy;
			containerPortal = DFAD82532C5A4A9C000685BE /* Project object */;
			proxyType = 1;
			remoteGlobalIDString = DFAD825A2C5A4A9C000685BE;
			remoteInfo = MigratoryPoc;
		};
/* End PBXContainerItemProxy section */

/* Begin PBXFileReference section */
		DFAD825B2C5A4A9C000685BE /* MigratoryPoc.app */ = {isa = PBXFileReference; explicitFileType = wrapper.application; includeInIndex = 0; path = MigratoryPoc.app; sourceTree = BUILT_PRODUCTS_DIR; };
		DFAD825E2C5A4A9C000685BE /* MigratoryPocApp.swift */ = {isa = PBXFileReference; lastKnownFileType = sourcecode.swift; path = MigratoryPocApp.swift; sourceTree = "<group>"; };
		DFAD82602C5A4A9C000685BE /* ContentView.swift */ = {isa = PBXFileReference; lastKnownFileType = sourcecode.swift; path = ContentView.swift; sourceTree = "<group>"; };
		DFAD82622C5A4A9E000685BE /* Assets.xcassets */ = {isa = PBXFileReference; lastKnownFileType = folder.assetcatalog; path = Assets.xcassets; sourceTree = "<group>"; };
		DFAD82652C5A4A9E000685BE /* Preview Assets.xcassets */ = {isa = PBXFileReference; lastKnownFileType = folder.assetcatalog; path = "Preview Assets.xcassets"; sourceTree = "<group>"; };
		DFAD826B2C5A4A9E000685BE /* MigratoryPocTests.xctest */ = {isa = PBXFileReference; explicitFileType = wrapper.cfbundle; includeInIndex = 0; path = MigratoryPocTests.xctest; sourceTree = BUILT_PRODUCTS_DIR; };
		DFAD826F2C5A4A9E000685BE /* MigratoryPocTests.swift */ = {isa = PBXFileReference; lastKnownFileType = sourcecode.swift; path = MigratoryPocTests.swift; sourceTree = "<group>"; };
		DFAD82752C5A4A9E000685BE /* MigratoryPocUITests.xctest */ = {isa = PBXFileReference; explicitFileType = wrapper.cfbundle; includeInIndex = 0; path = MigratoryPocUITests.xctest; sourceTree = BUILT_PRODUCTS_DIR; };
		DFAD82792C5A4A9E000685BE /* MigratoryPocUITests.swift */ = {isa = PBXFileReference; lastKnownFileType = sourcecode.swift; path = MigratoryPocUITests.swift; sourceTree = "<group>"; };
		DFAD827B2C5A4A9E000685BE /* MigratoryPocUITestsLaunchTests.swift */ = {isa = PBXFileReference; lastKnownFileType = sourcecode.swift; path = MigratoryPocUITestsLaunchTests.swift; sourceTree = "<group>"; };
		DFAD82882C5A4AC1000685BE /* migratorydata-client-ios.xcframework */ = {isa = PBXFileReference; lastKnownFileType = wrapper.xcframework; path = "migratorydata-client-ios.xcframework"; sourceTree = "<group>"; };
		DFAD828A2C5A4AD0000685BE /* MigratoryPoc-Bridging-Header.h */ = {isa = PBXFileReference; lastKnownFileType = sourcecode.c.h; path = "MigratoryPoc-Bridging-Header.h"; sourceTree = "<group>"; };
		DFAD828B2C5A4B74000685BE /* PushUpdater.swift */ = {isa = PBXFileReference; lastKnownFileType = sourcecode.swift; path = PushUpdater.swift; sourceTree = "<group>"; };
/* End PBXFileReference section */

/* Begin PBXFrameworksBuildPhase section */
		DFAD82582C5A4A9C000685BE /* Frameworks */ = {
			isa = PBXFrameworksBuildPhase;
			buildActionMask = 2147483647;
			files = (
				DFAD82892C5A4AC1000685BE /* migratorydata-client-ios.xcframework in Frameworks */,
			);
			runOnlyForDeploymentPostprocessing = 0;
		};
		DFAD82682C5A4A9E000685BE /* Frameworks */ = {
			isa = PBXFrameworksBuildPhase;
			buildActionMask = 2147483647;
			files = (
			);
			runOnlyForDeploymentPostprocessing = 0;
		};
		DFAD82722C5A4A9E000685BE /* Frameworks */ = {
			isa = PBXFrameworksBuildPhase;
			buildActionMask = 2147483647;
			files = (
			);
			runOnlyForDeploymentPostprocessing = 0;
		};
/* End PBXFrameworksBuildPhase section */

/* Begin PBXGroup section */
		DFAD82522C5A4A9C000685BE = {
			isa = PBXGroup;
			children = (
				DFAD825D2C5A4A9C000685BE /* MigratoryPoc */,
				DFAD826E2C5A4A9E000685BE /* MigratoryPocTests */,
				DFAD82782C5A4A9E000685BE /* MigratoryPocUITests */,
				DFAD825C2C5A4A9C000685BE /* Products */,
			);
			sourceTree = "<group>";
		};
		DFAD825C2C5A4A9C000685BE /* Products */ = {
			isa = PBXGroup;
			children = (
				DFAD825B2C5A4A9C000685BE /* MigratoryPoc.app */,
				DFAD826B2C5A4A9E000685BE /* MigratoryPocTests.xctest */,
				DFAD82752C5A4A9E000685BE /* MigratoryPocUITests.xctest */,
			);
			name = Products;
			sourceTree = "<group>";
		};
		DFAD825D2C5A4A9C000685BE /* MigratoryPoc */ = {
			isa = PBXGroup;
			children = (
				DFAD825E2C5A4A9C000685BE /* MigratoryPocApp.swift */,
				DFAD82602C5A4A9C000685BE /* ContentView.swift */,
				DFAD82622C5A4A9E000685BE /* Assets.xcassets */,
				DFAD82882C5A4AC1000685BE /* migratorydata-client-ios.xcframework */,
				DFAD828A2C5A4AD0000685BE /* MigratoryPoc-Bridging-Header.h */,
				DFAD82642C5A4A9E000685BE /* Preview Content */,
				DFAD828B2C5A4B74000685BE /* PushUpdater.swift */,
			);
			path = MigratoryPoc;
			sourceTree = "<group>";
		};
		DFAD82642C5A4A9E000685BE /* Preview Content */ = {
			isa = PBXGroup;
			children = (
				DFAD82652C5A4A9E000685BE /* Preview Assets.xcassets */,
			);
			path = "Preview Content";
			sourceTree = "<group>";
		};
		DFAD826E2C5A4A9E000685BE /* MigratoryPocTests */ = {
			isa = PBXGroup;
			children = (
				DFAD826F2C5A4A9E000685BE /* MigratoryPocTests.swift */,
			);
			path = MigratoryPocTests;
			sourceTree = "<group>";
		};
		DFAD82782C5A4A9E000685BE /* MigratoryPocUITests */ = {
			isa = PBXGroup;
			children = (
				DFAD82792C5A4A9E000685BE /* MigratoryPocUITests.swift */,
				DFAD827B2C5A4A9E000685BE /* MigratoryPocUITestsLaunchTests.swift */,
			);
			path = MigratoryPocUITests;
			sourceTree = "<group>";
		};
/* End PBXGroup section */

/* Begin PBXNativeTarget section */
		DFAD825A2C5A4A9C000685BE /* MigratoryPoc */ = {
			isa = PBXNativeTarget;
			buildConfigurationList = DFAD827F2C5A4A9E000685BE /* Build configuration list for PBXNativeTarget "MigratoryPoc" */;
			buildPhases = (
				DFAD82572C5A4A9C000685BE /* Sources */,
				DFAD82582C5A4A9C000685BE /* Frameworks */,
				DFAD82592C5A4A9C000685BE /* Resources */,
			);
			buildRules = (
			);
			dependencies = (
			);
			name = MigratoryPoc;
			productName = MigratoryPoc;
			productReference = DFAD825B2C5A4A9C000685BE /* MigratoryPoc.app */;
			productType = "com.apple.product-type.application";
		};
		DFAD826A2C5A4A9E000685BE /* MigratoryPocTests */ = {
			isa = PBXNativeTarget;
			buildConfigurationList = DFAD82822C5A4A9E000685BE /* Build configuration list for PBXNativeTarget "MigratoryPocTests" */;
			buildPhases = (
				DFAD82672C5A4A9E000685BE /* Sources */,
				DFAD82682C5A4A9E000685BE /* Frameworks */,
				DFAD82692C5A4A9E000685BE /* Resources */,
			);
			buildRules = (
			);
			dependencies = (
				DFAD826D2C5A4A9E000685BE /* PBXTargetDependency */,
			);
			name = MigratoryPocTests;
			productName = MigratoryPocTests;
			productReference = DFAD826B2C5A4A9E000685BE /* MigratoryPocTests.xctest */;
			productType = "com.apple.product-type.bundle.unit-test";
		};
		DFAD82742C5A4A9E000685BE /* MigratoryPocUITests */ = {
			isa = PBXNativeTarget;
			buildConfigurationList = DFAD82852C5A4A9E000685BE /* Build configuration list for PBXNativeTarget "MigratoryPocUITests" */;
			buildPhases = (
				DFAD82712C5A4A9E000685BE /* Sources */,
				DFAD82722C5A4A9E000685BE /* Frameworks */,
				DFAD82732C5A4A9E000685BE /* Resources */,
			);
			buildRules = (
			);
			dependencies = (
				DFAD82772C5A4A9E000685BE /* PBXTargetDependency */,
			);
			name = MigratoryPocUITests;
			productName = MigratoryPocUITests;
			productReference = DFAD82752C5A4A9E000685BE /* MigratoryPocUITests.xctest */;
			productType = "com.apple.product-type.bundle.ui-testing";
		};
/* End PBXNativeTarget section */

/* Begin PBXProject section */
		DFAD82532C5A4A9C000685BE /* Project object */ = {
			isa = PBXProject;
			attributes = {
				BuildIndependentTargetsInParallel = 1;
				LastSwiftUpdateCheck = 1530;
				LastUpgradeCheck = 1530;
				TargetAttributes = {
					DFAD825A2C5A4A9C000685BE = {
						CreatedOnToolsVersion = 15.3;
					};
					DFAD826A2C5A4A9E000685BE = {
						CreatedOnToolsVersion = 15.3;
						TestTargetID = DFAD825A2C5A4A9C000685BE;
					};
					DFAD82742C5A4A9E000685BE = {
						CreatedOnToolsVersion = 15.3;
						TestTargetID = DFAD825A2C5A4A9C000685BE;
					};
				};
			};
			buildConfigurationList = DFAD82562C5A4A9C000685BE /* Build configuration list for PBXProject "MigratoryPoc" */;
			compatibilityVersion = "Xcode 14.0";
			developmentRegion = en;
			hasScannedForEncodings = 0;
			knownRegions = (
				en,
				Base,
			);
			mainGroup = DFAD82522C5A4A9C000685BE;
			productRefGroup = DFAD825C2C5A4A9C000685BE /* Products */;
			projectDirPath = "";
			projectRoot = "";
			targets = (
				DFAD825A2C5A4A9C000685BE /* MigratoryPoc */,
				DFAD826A2C5A4A9E000685BE /* MigratoryPocTests */,
				DFAD82742C5A4A9E000685BE /* MigratoryPocUITests */,
			);
		};
/* End PBXProject section */

/* Begin PBXResourcesBuildPhase section */
		DFAD82592C5A4A9C000685BE /* Resources */ = {
			isa = PBXResourcesBuildPhase;
			buildActionMask = 2147483647;
			files = (
				DFAD82662C5A4A9E000685BE /* Preview Assets.xcassets in Resources */,
				DFAD82632C5A4A9E000685BE /* Assets.xcassets in Resources */,
			);
			runOnlyForDeploymentPostprocessing = 0;
		};
		DFAD82692C5A4A9E000685BE /* Resources */ = {
			isa = PBXResourcesBuildPhase;
			buildActionMask = 2147483647;
			files = (
			);
			runOnlyForDeploymentPostprocessing = 0;
		};
		DFAD82732C5A4A9E000685BE /* Resources */ = {
			isa = PBXResourcesBuildPhase;
			buildActionMask = 2147483647;
			files = (
			);
			runOnlyForDeploymentPostprocessing = 0;
		};
/* End PBXResourcesBuildPhase section */

/* Begin PBXSourcesBuildPhase section */
		DFAD82572C5A4A9C000685BE /* Sources */ = {
			isa = PBXSourcesBuildPhase;
			buildActionMask = 2147483647;
			files = (
				DFAD82612C5A4A9C000685BE /* ContentView.swift in Sources */,
				DFAD828C2C5A4B74000685BE /* PushUpdater.swift in Sources */,
				DFAD825F2C5A4A9C000685BE /* MigratoryPocApp.swift in Sources */,
			);
			runOnlyForDeploymentPostprocessing = 0;
		};
		DFAD82672C5A4A9E000685BE /* Sources */ = {
			isa = PBXSourcesBuildPhase;
			buildActionMask = 2147483647;
			files = (
				DFAD82702C5A4A9E000685BE /* MigratoryPocTests.swift in Sources */,
			);
			runOnlyForDeploymentPostprocessing = 0;
		};
		DFAD82712C5A4A9E000685BE /* Sources */ = {
			isa = PBXSourcesBuildPhase;
			buildActionMask = 2147483647;
			files = (
				DFAD827C2C5A4A9E000685BE /* MigratoryPocUITestsLaunchTests.swift in Sources */,
				DFAD827A2C5A4A9E000685BE /* MigratoryPocUITests.swift in Sources */,
			);
			runOnlyForDeploymentPostprocessing = 0;
		};
/* End PBXSourcesBuildPhase section */

/* Begin PBXTargetDependency section */
		DFAD826D2C5A4A9E000685BE /* PBXTargetDependency */ = {
			isa = PBXTargetDependency;
			target = DFAD825A2C5A4A9C000685BE /* MigratoryPoc */;
			targetProxy = DFAD826C2C5A4A9E000685BE /* PBXContainerItemProxy */;
		};
		DFAD82772C5A4A9E000685BE /* PBXTargetDependency */ = {
			isa = PBXTargetDependency;
			target = DFAD825A2C5A4A9C000685BE /* MigratoryPoc */;
			targetProxy = DFAD82762C5A4A9E000685BE /* PBXContainerItemProxy */;
		};
/* End PBXTargetDependency section */

/* Begin XCBuildConfiguration section */
		DFAD827D2C5A4A9E000685BE /* Debug */ = {
			isa = XCBuildConfiguration;
			buildSettings = {
				ALWAYS_SEARCH_USER_PATHS = NO;
				ASSETCATALOG_COMPILER_GENERATE_SWIFT_ASSET_SYMBOL_EXTENSIONS = YES;
				CLANG_ANALYZER_NONNULL = YES;
				CLANG_ANALYZER_NUMBER_OBJECT_CONVERSION = YES_AGGRESSIVE;
				CLANG_CXX_LANGUAGE_STANDARD = "gnu++20";
				CLANG_ENABLE_MODULES = YES;
				CLANG_ENABLE_OBJC_ARC = YES;
				CLANG_ENABLE_OBJC_WEAK = YES;
				CLANG_WARN_BLOCK_CAPTURE_AUTORELEASING = YES;
				CLANG_WARN_BOOL_CONVERSION = YES;
				CLANG_WARN_COMMA = YES;
				CLANG_WARN_CONSTANT_CONVERSION = YES;
				CLANG_WARN_DEPRECATED_OBJC_IMPLEMENTATIONS = YES;
				CLANG_WARN_DIRECT_OBJC_ISA_USAGE = YES_ERROR;
				CLANG_WARN_DOCUMENTATION_COMMENTS = YES;
				CLANG_WARN_EMPTY_BODY = YES;
				CLANG_WARN_ENUM_CONVERSION = YES;
				CLANG_WARN_INFINITE_RECURSION = YES;
				CLANG_WARN_INT_CONVERSION = YES;
				CLANG_WARN_NON_LITERAL_NULL_CONVERSION = YES;
				CLANG_WARN_OBJC_IMPLICIT_RETAIN_SELF = YES;
				CLANG_WARN_OBJC_LITERAL_CONVERSION = YES;
				CLANG_WARN_OBJC_ROOT_CLASS = YES_ERROR;
				CLANG_WARN_QUOTED_INCLUDE_IN_FRAMEWORK_HEADER = YES;
				CLANG_WARN_RANGE_LOOP_ANALYSIS = YES;
				CLANG_WARN_STRICT_PROTOTYPES = YES;
				CLANG_WARN_SUSPICIOUS_MOVE = YES;
				CLANG_WARN_UNGUARDED_AVAILABILITY = YES_AGGRESSIVE;
				CLANG_WARN_UNREACHABLE_CODE = YES;
				CLANG_WARN__DUPLICATE_METHOD_MATCH = YES;
				COPY_PHASE_STRIP = NO;
				DEBUG_INFORMATION_FORMAT = dwarf;
				ENABLE_STRICT_OBJC_MSGSEND = YES;
				ENABLE_TESTABILITY = YES;
				ENABLE_USER_SCRIPT_SANDBOXING = YES;
				GCC_C_LANGUAGE_STANDARD = gnu17;
				GCC_DYNAMIC_NO_PIC = NO;
				GCC_NO_COMMON_BLOCKS = YES;
				GCC_OPTIMIZATION_LEVEL = 0;
				GCC_PREPROCESSOR_DEFINITIONS = (
					"DEBUG=1",
					"$(inherited)",
				);
				GCC_WARN_64_TO_32_BIT_CONVERSION = YES;
				GCC_WARN_ABOUT_RETURN_TYPE = YES_ERROR;
				GCC_WARN_UNDECLARED_SELECTOR = YES;
				GCC_WARN_UNINITIALIZED_AUTOS = YES_AGGRESSIVE;
				GCC_WARN_UNUSED_FUNCTION = YES;
				GCC_WARN_UNUSED_VARIABLE = YES;
				IPHONEOS_DEPLOYMENT_TARGET = 17.4;
				LOCALIZATION_PREFERS_STRING_CATALOGS = YES;
				MTL_ENABLE_DEBUG_INFO = INCLUDE_SOURCE;
				MTL_FAST_MATH = YES;
				ONLY_ACTIVE_ARCH = YES;
				SDKROOT = iphoneos;
				SWIFT_ACTIVE_COMPILATION_CONDITIONS = "DEBUG $(inherited)";
				SWIFT_OBJC_BRIDGING_HEADER = "MigratoryPoc/MigratoryPoc-Bridging-Header.h";
				SWIFT_OPTIMIZATION_LEVEL = "-Onone";
			};
			name = Debug;
		};
		DFAD827E2C5A4A9E000685BE /* Release */ = {
			isa = XCBuildConfiguration;
			buildSettings = {
				ALWAYS_SEARCH_USER_PATHS = NO;
				ASSETCATALOG_COMPILER_GENERATE_SWIFT_ASSET_SYMBOL_EXTENSIONS = YES;
				CLANG_ANALYZER_NONNULL = YES;
				CLANG_ANALYZER_NUMBER_OBJECT_CONVERSION = YES_AGGRESSIVE;
				CLANG_CXX_LANGUAGE_STANDARD = "gnu++20";
				CLANG_ENABLE_MODULES = YES;
				CLANG_ENABLE_OBJC_ARC = YES;
				CLANG_ENABLE_OBJC_WEAK = YES;
				CLANG_WARN_BLOCK_CAPTURE_AUTORELEASING = YES;
				CLANG_WARN_BOOL_CONVERSION = YES;
				CLANG_WARN_COMMA = YES;
				CLANG_WARN_CONSTANT_CONVERSION = YES;
				CLANG_WARN_DEPRECATED_OBJC_IMPLEMENTATIONS = YES;
				CLANG_WARN_DIRECT_OBJC_ISA_USAGE = YES_ERROR;
				CLANG_WARN_DOCUMENTATION_COMMENTS = YES;
				CLANG_WARN_EMPTY_BODY = YES;
				CLANG_WARN_ENUM_CONVERSION = YES;
				CLANG_WARN_INFINITE_RECURSION = YES;
				CLANG_WARN_INT_CONVERSION = YES;
				CLANG_WARN_NON_LITERAL_NULL_CONVERSION = YES;
				CLANG_WARN_OBJC_IMPLICIT_RETAIN_SELF = YES;
				CLANG_WARN_OBJC_LITERAL_CONVERSION = YES;
				CLANG_WARN_OBJC_ROOT_CLASS = YES_ERROR;
				CLANG_WARN_QUOTED_INCLUDE_IN_FRAMEWORK_HEADER = YES;
				CLANG_WARN_RANGE_LOOP_ANALYSIS = YES;
				CLANG_WARN_STRICT_PROTOTYPES = YES;
				CLANG_WARN_SUSPICIOUS_MOVE = YES;
				CLANG_WARN_UNGUARDED_AVAILABILITY = YES_AGGRESSIVE;
				CLANG_WARN_UNREACHABLE_CODE = YES;
				CLANG_WARN__DUPLICATE_METHOD_MATCH = YES;
				COPY_PHASE_STRIP = NO;
				DEBUG_INFORMATION_FORMAT = "dwarf-with-dsym";
				ENABLE_NS_ASSERTIONS = NO;
				ENABLE_STRICT_OBJC_MSGSEND = YES;
				ENABLE_USER_SCRIPT_SANDBOXING = YES;
				GCC_C_LANGUAGE_STANDARD = gnu17;
				GCC_NO_COMMON_BLOCKS = YES;
				GCC_WARN_64_TO_32_BIT_CONVERSION = YES;
				GCC_WARN_ABOUT_RETURN_TYPE = YES_ERROR;
				GCC_WARN_UNDECLARED_SELECTOR = YES;
				GCC_WARN_UNINITIALIZED_AUTOS = YES_AGGRESSIVE;
				GCC_WARN_UNUSED_FUNCTION = YES;
				GCC_WARN_UNUSED_VARIABLE = YES;
				IPHONEOS_DEPLOYMENT_TARGET = 17.4;
				LOCALIZATION_PREFERS_STRING_CATALOGS = YES;
				MTL_ENABLE_DEBUG_INFO = NO;
				MTL_FAST_MATH = YES;
				SDKROOT = iphoneos;
				SWIFT_COMPILATION_MODE = wholemodule;
				SWIFT_OBJC_BRIDGING_HEADER = "MigratoryPoc/MigratoryPoc-Bridging-Header.h";
				VALIDATE_PRODUCT = YES;
			};
			name = Release;
		};
		DFAD82802C5A4A9E000685BE /* Debug */ = {
			isa = XCBuildConfiguration;
			buildSettings = {
				ASSETCATALOG_COMPILER_APPICON_NAME = AppIcon;
				ASSETCATALOG_COMPILER_GLOBAL_ACCENT_COLOR_NAME = AccentColor;
				CODE_SIGN_STYLE = Automatic;
				CURRENT_PROJECT_VERSION = 1;
				DEVELOPMENT_ASSET_PATHS = "\"MigratoryPoc/Preview Content\"";
				ENABLE_PREVIEWS = YES;
				GENERATE_INFOPLIST_FILE = YES;
				INFOPLIST_KEY_UIApplicationSceneManifest_Generation = YES;
				INFOPLIST_KEY_UIApplicationSupportsIndirectInputEvents = YES;
				INFOPLIST_KEY_UILaunchScreen_Generation = YES;
				INFOPLIST_KEY_UISupportedInterfaceOrientations_iPad = "UIInterfaceOrientationPortrait UIInterfaceOrientationPortraitUpsideDown UIInterfaceOrientationLandscapeLeft UIInterfaceOrientationLandscapeRight";
				INFOPLIST_KEY_UISupportedInterfaceOrientations_iPhone = "UIInterfaceOrientationPortrait UIInterfaceOrientationLandscapeLeft UIInterfaceOrientationLandscapeRight";
				LD_RUNPATH_SEARCH_PATHS = (
					"$(inherited)",
					"@executable_path/Frameworks",
				);
				MARKETING_VERSION = 1.0;
				PRODUCT_BUNDLE_IDENTIFIER = com.lukasbudac.MigratoryPoc;
				PRODUCT_NAME = "$(TARGET_NAME)";
				SWIFT_EMIT_LOC_STRINGS = YES;
				SWIFT_VERSION = 5.0;
				TARGETED_DEVICE_FAMILY = "1,2";
			};
			name = Debug;
		};
		DFAD82812C5A4A9E000685BE /* Release */ = {
			isa = XCBuildConfiguration;
			buildSettings = {
				ASSETCATALOG_COMPILER_APPICON_NAME = AppIcon;
				ASSETCATALOG_COMPILER_GLOBAL_ACCENT_COLOR_NAME = AccentColor;
				CODE_SIGN_STYLE = Automatic;
				CURRENT_PROJECT_VERSION = 1;
				DEVELOPMENT_ASSET_PATHS = "\"MigratoryPoc/Preview Content\"";
				ENABLE_PREVIEWS = YES;
				GENERATE_INFOPLIST_FILE = YES;
				INFOPLIST_KEY_UIApplicationSceneManifest_Generation = YES;
				INFOPLIST_KEY_UIApplicationSupportsIndirectInputEvents = YES;
				INFOPLIST_KEY_UILaunchScreen_Generation = YES;
				INFOPLIST_KEY_UISupportedInterfaceOrientations_iPad = "UIInterfaceOrientationPortrait UIInterfaceOrientationPortraitUpsideDown UIInterfaceOrientationLandscapeLeft UIInterfaceOrientationLandscapeRight";
				INFOPLIST_KEY_UISupportedInterfaceOrientations_iPhone = "UIInterfaceOrientationPortrait UIInterfaceOrientationLandscapeLeft UIInterfaceOrientationLandscapeRight";
				LD_RUNPATH_SEARCH_PATHS = (
					"$(inherited)",
					"@executable_path/Frameworks",
				);
				MARKETING_VERSION = 1.0;
				PRODUCT_BUNDLE_IDENTIFIER = com.lukasbudac.MigratoryPoc;
				PRODUCT_NAME = "$(TARGET_NAME)";
				SWIFT_EMIT_LOC_STRINGS = YES;
				SWIFT_VERSION = 5.0;
				TARGETED_DEVICE_FAMILY = "1,2";
			};
			name = Release;
		};
		DFAD82832C5A4A9E000685BE /* Debug */ = {
			isa = XCBuildConfiguration;
			buildSettings = {
				ALWAYS_EMBED_SWIFT_STANDARD_LIBRARIES = YES;
				BUNDLE_LOADER = "$(TEST_HOST)";
				CODE_SIGN_STYLE = Automatic;
				CURRENT_PROJECT_VERSION = 1;
				GENERATE_INFOPLIST_FILE = YES;
				IPHONEOS_DEPLOYMENT_TARGET = 17.4;
				MARKETING_VERSION = 1.0;
				PRODUCT_BUNDLE_IDENTIFIER = com.lukasbudac.MigratoryPocTests;
				PRODUCT_NAME = "$(TARGET_NAME)";
				SWIFT_EMIT_LOC_STRINGS = NO;
				SWIFT_VERSION = 5.0;
				TARGETED_DEVICE_FAMILY = "1,2";
				TEST_HOST = "$(BUILT_PRODUCTS_DIR)/MigratoryPoc.app/$(BUNDLE_EXECUTABLE_FOLDER_PATH)/MigratoryPoc";
			};
			name = Debug;
		};
		DFAD82842C5A4A9E000685BE /* Release */ = {
			isa = XCBuildConfiguration;
			buildSettings = {
				ALWAYS_EMBED_SWIFT_STANDARD_LIBRARIES = YES;
				BUNDLE_LOADER = "$(TEST_HOST)";
				CODE_SIGN_STYLE = Automatic;
				CURRENT_PROJECT_VERSION = 1;
				GENERATE_INFOPLIST_FILE = YES;
				IPHONEOS_DEPLOYMENT_TARGET = 17.4;
				MARKETING_VERSION = 1.0;
				PRODUCT_BUNDLE_IDENTIFIER = com.lukasbudac.MigratoryPocTests;
				PRODUCT_NAME = "$(TARGET_NAME)";
				SWIFT_EMIT_LOC_STRINGS = NO;
				SWIFT_VERSION = 5.0;
				TARGETED_DEVICE_FAMILY = "1,2";
				TEST_HOST = "$(BUILT_PRODUCTS_DIR)/MigratoryPoc.app/$(BUNDLE_EXECUTABLE_FOLDER_PATH)/MigratoryPoc";
			};
			name = Release;
		};
		DFAD82862C5A4A9E000685BE /* Debug */ = {
			isa = XCBuildConfiguration;
			buildSettings = {
				ALWAYS_EMBED_SWIFT_STANDARD_LIBRARIES = YES;
				CODE_SIGN_STYLE = Automatic;
				CURRENT_PROJECT_VERSION = 1;
				GENERATE_INFOPLIST_FILE = YES;
				MARKETING_VERSION = 1.0;
				PRODUCT_BUNDLE_IDENTIFIER = com.lukasbudac.MigratoryPocUITests;
				PRODUCT_NAME = "$(TARGET_NAME)";
				SWIFT_EMIT_LOC_STRINGS = NO;
				SWIFT_VERSION = 5.0;
				TARGETED_DEVICE_FAMILY = "1,2";
				TEST_TARGET_NAME = MigratoryPoc;
			};
			name = Debug;
		};
		DFAD82872C5A4A9E000685BE /* Release */ = {
			isa = XCBuildConfiguration;
			buildSettings = {
				ALWAYS_EMBED_SWIFT_STANDARD_LIBRARIES = YES;
				CODE_SIGN_STYLE = Automatic;
				CURRENT_PROJECT_VERSION = 1;
				GENERATE_INFOPLIST_FILE = YES;
				MARKETING_VERSION = 1.0;
				PRODUCT_BUNDLE_IDENTIFIER = com.lukasbudac.MigratoryPocUITests;
				PRODUCT_NAME = "$(TARGET_NAME)";
				SWIFT_EMIT_LOC_STRINGS = NO;
				SWIFT_VERSION = 5.0;
				TARGETED_DEVICE_FAMILY = "1,2";
				TEST_TARGET_NAME = MigratoryPoc;
			};
			name = Release;
		};
/* End XCBuildConfiguration section */

/* Begin XCConfigurationList section */
		DFAD82562C5A4A9C000685BE /* Build configuration list for PBXProject "MigratoryPoc" */ = {
			isa = XCConfigurationList;
			buildConfigurations = (
				DFAD827D2C5A4A9E000685BE /* Debug */,
				DFAD827E2C5A4A9E000685BE /* Release */,
			);
			defaultConfigurationIsVisible = 0;
			defaultConfigurationName = Release;
		};
		DFAD827F2C5A4A9E000685BE /* Build configuration list for PBXNativeTarget "MigratoryPoc" */ = {
			isa = XCConfigurationList;
			buildConfigurations = (
				DFAD82802C5A4A9E000685BE /* Debug */,
				DFAD82812C5A4A9E000685BE /* Release */,
			);
			defaultConfigurationIsVisible = 0;
			defaultConfigurationName = Release;
		};
		DFAD82822C5A4A9E000685BE /* Build configuration list for PBXNativeTarget "MigratoryPocTests" */ = {
			isa = XCConfigurationList;
			buildConfigurations = (
				DFAD82832C5A4A9E000685BE /* Debug */,
				DFAD82842C5A4A9E000685BE /* Release */,
			);
			defaultConfigurationIsVisible = 0;
			defaultConfigurationName = Release;
		};
		DFAD82852C5A4A9E000685BE /* Build configuration list for PBXNativeTarget "MigratoryPocUITests" */ = {
			isa = XCConfigurationList;
			buildConfigurations = (
				DFAD82862C5A4A9E000685BE /* Debug */,
				DFAD82872C5A4A9E000685BE /* Release */,
			);
			defaultConfigurationIsVisible = 0;
			defaultConfigurationName = Release;
		};
/* End XCConfigurationList section */
	};
	rootObject = DFAD82532C5A4A9C000685BE /* Project object */;
}
